
Microsoft Visual Studio Solution File, Format Version 12.00
# Visual Studio Version 17
VisualStudioVersion = 17.5.002.0
MinimumVisualStudioVersion = 10.0.40219.1
Project("{9A19103F-16F7-4668-BE54-9A1E7A4F7556}") = "Car Rental Marketplace", "Car Rental Marketplace.csproj", "{5FB4CAFC-7BF0-4A5F-9054-9FAB6D050A60}"
EndProject
Project("{9A19103F-16F7-4668-BE54-9A1E7A4F7556}") = "Data", "Data\Data.csproj", "{38444BE1-B1E2-4D55-B16A-04FE937E43EF}"
EndProject
Global
	GlobalSection(SolutionConfigurationPlatforms) = preSolution
		Debug|Any CPU = Debug|Any CPU
		Release|Any CPU = Release|Any CPU
	EndGlobalSection
	GlobalSection(ProjectConfigurationPlatforms) = postSolution
		{5FB4CAFC-7BF0-4A5F-9054-9FAB6D050A60}.Debug|Any CPU.ActiveCfg = Debug|Any CPU
		{5FB4CAFC-7BF0-4A5F-9054-9FAB6D050A60}.Debug|Any CPU.Build.0 = Debug|Any CPU
		{5FB4CAFC-7BF0-4A5F-9054-9FAB6D050A60}.Release|Any CPU.ActiveCfg = Release|Any CPU
		{5FB4CAFC-7BF0-4A5F-9054-9FAB6D050A60}.Release|Any CPU.Build.0 = Release|Any CPU
		{38444BE1-B1E2-4D55-B16A-04FE937E43EF}.Debug|Any CPU.ActiveCfg = Debug|Any CPU
		{38444BE1-B1E2-4D55-B16A-04FE937E43EF}.Debug|Any CPU.Build.0 = Debug|Any CPU
		{38444BE1-B1E2-4D55-B16A-04FE937E43EF}.Release|Any CPU.ActiveCfg = Release|Any CPU
		{38444BE1-B1E2-4D55-B16A-04FE937E43EF}.Release|Any CPU.Build.0 = Release|Any CPU
	EndGlobalSection
	GlobalSection(SolutionProperties) = preSolution
		HideSolutionNode = FALSE
	EndGlobalSection
	GlobalSection(ExtensibilityGlobals) = postSolution
		SolutionGuid = {35DB4262-A249-4F38-B4AE-57A1CA3C7474}
	EndGlobalSection
EndGlobal
